// !$*UTF8*$!
{
	archiveVersion = 1;
	classes = {
	};
	objectVersion = 46;
	objects = {

/* Begin PBXBuildFile section */
		40454A631A8E515900D0AD97 /* main.m in Sources */ = {isa = PBXBuildFile; fileRef = 40454A621A8E515900D0AD97 /* main.m */; };
		40454A661A8E515900D0AD97 /* AppDelegate.m in Sources */ = {isa = PBXBuildFile; fileRef = 40454A651A8E515900D0AD97 /* AppDelegate.m */; };
		40454A6C1A8E515900D0AD97 /* Main.storyboard in Resources */ = {isa = PBXBuildFile; fileRef = 40454A6A1A8E515900D0AD97 /* Main.storyboard */; };
		40454A6E1A8E515900D0AD97 /* Images.xcassets in Resources */ = {isa = PBXBuildFile; fileRef = 40454A6D1A8E515900D0AD97 /* Images.xcassets */; };
		40454A711A8E515900D0AD97 /* LaunchScreen.xib in Resources */ = {isa = PBXBuildFile; fileRef = 40454A6F1A8E515900D0AD97 /* LaunchScreen.xib */; };
		40454A7D1A8E515900D0AD97 /* EnglishHourTests.m in Sources */ = {isa = PBXBuildFile; fileRef = 40454A7C1A8E515900D0AD97 /* EnglishHourTests.m */; };
		40454A911A8E55D500D0AD97 /* add-member-on.png in Resources */ = {isa = PBXBuildFile; fileRef = 40454A871A8E55D500D0AD97 /* add-member-on.png */; };
		40454A921A8E55D500D0AD97 /* add-member.png in Resources */ = {isa = PBXBuildFile; fileRef = 40454A881A8E55D500D0AD97 /* add-member.png */; };
		40454A931A8E55D500D0AD97 /* groups-on.png in Resources */ = {isa = PBXBuildFile; fileRef = 40454A891A8E55D500D0AD97 /* groups-on.png */; };
		40454A941A8E55D500D0AD97 /* groups.png in Resources */ = {isa = PBXBuildFile; fileRef = 40454A8A1A8E55D500D0AD97 /* groups.png */; };
		40454A951A8E55D500D0AD97 /* profile-on.png in Resources */ = {isa = PBXBuildFile; fileRef = 40454A8B1A8E55D500D0AD97 /* profile-on.png */; };
		40454A961A8E55D500D0AD97 /* profile.png in Resources */ = {isa = PBXBuildFile; fileRef = 40454A8C1A8E55D500D0AD97 /* profile.png */; };
		40454A971A8E55D500D0AD97 /* ranking-on.png in Resources */ = {isa = PBXBuildFile; fileRef = 40454A8D1A8E55D500D0AD97 /* ranking-on.png */; };
		40454A981A8E55D500D0AD97 /* ranking.png in Resources */ = {isa = PBXBuildFile; fileRef = 40454A8E1A8E55D500D0AD97 /* ranking.png */; };
		40454A991A8E55D500D0AD97 /* warning-on.png in Resources */ = {isa = PBXBuildFile; fileRef = 40454A8F1A8E55D500D0AD97 /* warning-on.png */; };
		40454A9A1A8E55D500D0AD97 /* warning.png in Resources */ = {isa = PBXBuildFile; fileRef = 40454A901A8E55D500D0AD97 /* warning.png */; };
		40C096741A8E82EF00A88F27 /* EHProfileUIViewController.m in Sources */ = {isa = PBXBuildFile; fileRef = 40C096731A8E82EF00A88F27 /* EHProfileUIViewController.m */; };
		DB12C5681A904B2E00D51F22 /* EHGroupDetailsViewController.m in Sources */ = {isa = PBXBuildFile; fileRef = DB12C5671A904B2E00D51F22 /* EHGroupDetailsViewController.m */; };
		DB12C56B1A904C5B00D51F22 /* EHGroupTableViewController.m in Sources */ = {isa = PBXBuildFile; fileRef = DB12C56A1A904C5B00D51F22 /* EHGroupTableViewController.m */; };
		DB12C56E1A904F6300D51F22 /* EHGroupNewViewController.m in Sources */ = {isa = PBXBuildFile; fileRef = DB12C56D1A904F6300D51F22 /* EHGroupNewViewController.m */; };
		DB12C5711A90518600D51F22 /* EHRankingTableViewController.m in Sources */ = {isa = PBXBuildFile; fileRef = DB12C5701A90518600D51F22 /* EHRankingTableViewController.m */; };
		DB12C5771A9053AA00D51F22 /* EHRankingDetailViewController.m in Sources */ = {isa = PBXBuildFile; fileRef = DB12C5761A9053AA00D51F22 /* EHRankingDetailViewController.m */; };
/* End PBXBuildFile section */

/* Begin PBXContainerItemProxy section */
		40454A771A8E515900D0AD97 /* PBXContainerItemProxy */ = {
			isa = PBXContainerItemProxy;
			containerPortal = 40454A551A8E515900D0AD97 /* Project object */;
			proxyType = 1;
			remoteGlobalIDString = 40454A5C1A8E515900D0AD97;
			remoteInfo = EnglishHour;
		};
/* End PBXContainerItemProxy section */

/* Begin PBXFileReference section */
		40454A5D1A8E515900D0AD97 /* EnglishHour.app */ = {isa = PBXFileReference; explicitFileType = wrapper.application; includeInIndex = 0; path = EnglishHour.app; sourceTree = BUILT_PRODUCTS_DIR; };
		40454A611A8E515900D0AD97 /* Info.plist */ = {isa = PBXFileReference; lastKnownFileType = text.plist.xml; path = Info.plist; sourceTree = "<group>"; };
		40454A621A8E515900D0AD97 /* main.m */ = {isa = PBXFileReference; lastKnownFileType = sourcecode.c.objc; path = main.m; sourceTree = "<group>"; };
		40454A641A8E515900D0AD97 /* AppDelegate.h */ = {isa = PBXFileReference; lastKnownFileType = sourcecode.c.h; path = AppDelegate.h; sourceTree = "<group>"; };
		40454A651A8E515900D0AD97 /* AppDelegate.m */ = {isa = PBXFileReference; lastKnownFileType = sourcecode.c.objc; path = AppDelegate.m; sourceTree = "<group>"; };
		40454A6B1A8E515900D0AD97 /* Base */ = {isa = PBXFileReference; lastKnownFileType = file.storyboard; name = Base; path = Base.lproj/Main.storyboard; sourceTree = "<group>"; };
		40454A6D1A8E515900D0AD97 /* Images.xcassets */ = {isa = PBXFileReference; lastKnownFileType = folder.assetcatalog; path = Images.xcassets; sourceTree = "<group>"; };
		40454A701A8E515900D0AD97 /* Base */ = {isa = PBXFileReference; lastKnownFileType = file.xib; name = Base; path = Base.lproj/LaunchScreen.xib; sourceTree = "<group>"; };
		40454A761A8E515900D0AD97 /* EnglishHourTests.xctest */ = {isa = PBXFileReference; explicitFileType = wrapper.cfbundle; includeInIndex = 0; path = EnglishHourTests.xctest; sourceTree = BUILT_PRODUCTS_DIR; };
		40454A7B1A8E515900D0AD97 /* Info.plist */ = {isa = PBXFileReference; lastKnownFileType = text.plist.xml; path = Info.plist; sourceTree = "<group>"; };
		40454A7C1A8E515900D0AD97 /* EnglishHourTests.m */ = {isa = PBXFileReference; lastKnownFileType = sourcecode.c.objc; path = EnglishHourTests.m; sourceTree = "<group>"; };
		40454A871A8E55D500D0AD97 /* add-member-on.png */ = {isa = PBXFileReference; lastKnownFileType = image.png; path = "add-member-on.png"; sourceTree = "<group>"; };
		40454A881A8E55D500D0AD97 /* add-member.png */ = {isa = PBXFileReference; lastKnownFileType = image.png; path = "add-member.png"; sourceTree = "<group>"; };
		40454A891A8E55D500D0AD97 /* groups-on.png */ = {isa = PBXFileReference; lastKnownFileType = image.png; path = "groups-on.png"; sourceTree = "<group>"; };
		40454A8A1A8E55D500D0AD97 /* groups.png */ = {isa = PBXFileReference; lastKnownFileType = image.png; path = groups.png; sourceTree = "<group>"; };
		40454A8B1A8E55D500D0AD97 /* profile-on.png */ = {isa = PBXFileReference; lastKnownFileType = image.png; path = "profile-on.png"; sourceTree = "<group>"; };
		40454A8C1A8E55D500D0AD97 /* profile.png */ = {isa = PBXFileReference; lastKnownFileType = image.png; path = profile.png; sourceTree = "<group>"; };
		40454A8D1A8E55D500D0AD97 /* ranking-on.png */ = {isa = PBXFileReference; lastKnownFileType = image.png; path = "ranking-on.png"; sourceTree = "<group>"; };
		40454A8E1A8E55D500D0AD97 /* ranking.png */ = {isa = PBXFileReference; lastKnownFileType = image.png; path = ranking.png; sourceTree = "<group>"; };
		40454A8F1A8E55D500D0AD97 /* warning-on.png */ = {isa = PBXFileReference; lastKnownFileType = image.png; path = "warning-on.png"; sourceTree = "<group>"; };
		40454A901A8E55D500D0AD97 /* warning.png */ = {isa = PBXFileReference; lastKnownFileType = image.png; path = warning.png; sourceTree = "<group>"; };
		40C096721A8E82EF00A88F27 /* EHProfileUIViewController.h */ = {isa = PBXFileReference; fileEncoding = 4; lastKnownFileType = sourcecode.c.h; path = EHProfileUIViewController.h; sourceTree = "<group>"; };
		40C096731A8E82EF00A88F27 /* EHProfileUIViewController.m */ = {isa = PBXFileReference; fileEncoding = 4; lastKnownFileType = sourcecode.c.objc; path = EHProfileUIViewController.m; sourceTree = "<group>"; };
		DB12C5661A904B2E00D51F22 /* EHGroupDetailsViewController.h */ = {isa = PBXFileReference; fileEncoding = 4; lastKnownFileType = sourcecode.c.h; path = EHGroupDetailsViewController.h; sourceTree = "<group>"; };
		DB12C5671A904B2E00D51F22 /* EHGroupDetailsViewController.m */ = {isa = PBXFileReference; fileEncoding = 4; lastKnownFileType = sourcecode.c.objc; path = EHGroupDetailsViewController.m; sourceTree = "<group>"; };
		DB12C5691A904C5B00D51F22 /* EHGroupTableViewController.h */ = {isa = PBXFileReference; fileEncoding = 4; lastKnownFileType = sourcecode.c.h; path = EHGroupTableViewController.h; sourceTree = "<group>"; };
		DB12C56A1A904C5B00D51F22 /* EHGroupTableViewController.m */ = {isa = PBXFileReference; fileEncoding = 4; lastKnownFileType = sourcecode.c.objc; path = EHGroupTableViewController.m; sourceTree = "<group>"; };
		DB12C56C1A904F6300D51F22 /* EHGroupNewViewController.h */ = {isa = PBXFileReference; fileEncoding = 4; lastKnownFileType = sourcecode.c.h; path = EHGroupNewViewController.h; sourceTree = "<group>"; };
		DB12C56D1A904F6300D51F22 /* EHGroupNewViewController.m */ = {isa = PBXFileReference; fileEncoding = 4; lastKnownFileType = sourcecode.c.objc; path = EHGroupNewViewController.m; sourceTree = "<group>"; };
		DB12C56F1A90518600D51F22 /* EHRankingTableViewController.h */ = {isa = PBXFileReference; fileEncoding = 4; lastKnownFileType = sourcecode.c.h; path = EHRankingTableViewController.h; sourceTree = "<group>"; };
		DB12C5701A90518600D51F22 /* EHRankingTableViewController.m */ = {isa = PBXFileReference; fileEncoding = 4; lastKnownFileType = sourcecode.c.objc; path = EHRankingTableViewController.m; sourceTree = "<group>"; };
		DB12C5751A9053AA00D51F22 /* EHRankingDetailViewController.h */ = {isa = PBXFileReference; fileEncoding = 4; lastKnownFileType = sourcecode.c.h; path = EHRankingDetailViewController.h; sourceTree = "<group>"; };
		DB12C5761A9053AA00D51F22 /* EHRankingDetailViewController.m */ = {isa = PBXFileReference; fileEncoding = 4; lastKnownFileType = sourcecode.c.objc; path = EHRankingDetailViewController.m; sourceTree = "<group>"; };
/* End PBXFileReference section */

/* Begin PBXFrameworksBuildPhase section */
		40454A5A1A8E515900D0AD97 /* Frameworks */ = {
			isa = PBXFrameworksBuildPhase;
			buildActionMask = 2147483647;
			files = (
			);
			runOnlyForDeploymentPostprocessing = 0;
		};
		40454A731A8E515900D0AD97 /* Frameworks */ = {
			isa = PBXFrameworksBuildPhase;
			buildActionMask = 2147483647;
			files = (
			);
			runOnlyForDeploymentPostprocessing = 0;
		};
/* End PBXFrameworksBuildPhase section */

/* Begin PBXGroup section */
		40454A541A8E515900D0AD97 = {
			isa = PBXGroup;
			children = (
				40454A5F1A8E515900D0AD97 /* EnglishHour */,
				40454A791A8E515900D0AD97 /* EnglishHourTests */,
				40454A5E1A8E515900D0AD97 /* Products */,
			);
			sourceTree = "<group>";
		};
		40454A5E1A8E515900D0AD97 /* Products */ = {
			isa = PBXGroup;
			children = (
				40454A5D1A8E515900D0AD97 /* EnglishHour.app */,
				40454A761A8E515900D0AD97 /* EnglishHourTests.xctest */,
			);
			name = Products;
			sourceTree = "<group>";
		};
		40454A5F1A8E515900D0AD97 /* EnglishHour */ = {
			isa = PBXGroup;
			children = (
				40454A861A8E55AB00D0AD97 /* Images */,
				40454A641A8E515900D0AD97 /* AppDelegate.h */,
				40454A651A8E515900D0AD97 /* AppDelegate.m */,
				40454A6A1A8E515900D0AD97 /* Main.storyboard */,
				40454A6D1A8E515900D0AD97 /* Images.xcassets */,
				40454A6F1A8E515900D0AD97 /* LaunchScreen.xib */,
				40454A601A8E515900D0AD97 /* Supporting Files */,
				40C096721A8E82EF00A88F27 /* EHProfileUIViewController.h */,
				40C096731A8E82EF00A88F27 /* EHProfileUIViewController.m */,
				DB12C5661A904B2E00D51F22 /* EHGroupDetailsViewController.h */,
				DB12C5671A904B2E00D51F22 /* EHGroupDetailsViewController.m */,
				DB12C5691A904C5B00D51F22 /* EHGroupTableViewController.h */,
				DB12C56A1A904C5B00D51F22 /* EHGroupTableViewController.m */,
				DB12C56C1A904F6300D51F22 /* EHGroupNewViewController.h */,
				DB12C56D1A904F6300D51F22 /* EHGroupNewViewController.m */,
				DB12C56F1A90518600D51F22 /* EHRankingTableViewController.h */,
				DB12C5701A90518600D51F22 /* EHRankingTableViewController.m */,
				DB12C5751A9053AA00D51F22 /* EHRankingDetailViewController.h */,
				DB12C5761A9053AA00D51F22 /* EHRankingDetailViewController.m */,
			);
			path = EnglishHour;
			sourceTree = "<group>";
		};
		40454A601A8E515900D0AD97 /* Supporting Files */ = {
			isa = PBXGroup;
			children = (
				40454A611A8E515900D0AD97 /* Info.plist */,
				40454A621A8E515900D0AD97 /* main.m */,
			);
			name = "Supporting Files";
			sourceTree = "<group>";
		};
		40454A791A8E515900D0AD97 /* EnglishHourTests */ = {
			isa = PBXGroup;
			children = (
				40454A7C1A8E515900D0AD97 /* EnglishHourTests.m */,
				40454A7A1A8E515900D0AD97 /* Supporting Files */,
			);
			path = EnglishHourTests;
			sourceTree = "<group>";
		};
		40454A7A1A8E515900D0AD97 /* Supporting Files */ = {
			isa = PBXGroup;
			children = (
				40454A7B1A8E515900D0AD97 /* Info.plist */,
			);
			name = "Supporting Files";
			sourceTree = "<group>";
		};
		40454A861A8E55AB00D0AD97 /* Images */ = {
			isa = PBXGroup;
			children = (
				40454A871A8E55D500D0AD97 /* add-member-on.png */,
				40454A881A8E55D500D0AD97 /* add-member.png */,
				40454A891A8E55D500D0AD97 /* groups-on.png */,
				40454A8A1A8E55D500D0AD97 /* groups.png */,
				40454A8B1A8E55D500D0AD97 /* profile-on.png */,
				40454A8C1A8E55D500D0AD97 /* profile.png */,
				40454A8D1A8E55D500D0AD97 /* ranking-on.png */,
				40454A8E1A8E55D500D0AD97 /* ranking.png */,
				40454A8F1A8E55D500D0AD97 /* warning-on.png */,
				40454A901A8E55D500D0AD97 /* warning.png */,
			);
			name = Images;
			sourceTree = "<group>";
		};
/* End PBXGroup section */

/* Begin PBXNativeTarget section */
		40454A5C1A8E515900D0AD97 /* EnglishHour */ = {
			isa = PBXNativeTarget;
			buildConfigurationList = 40454A801A8E515900D0AD97 /* Build configuration list for PBXNativeTarget "EnglishHour" */;
			buildPhases = (
				40454A591A8E515900D0AD97 /* Sources */,
				40454A5A1A8E515900D0AD97 /* Frameworks */,
				40454A5B1A8E515900D0AD97 /* Resources */,
			);
			buildRules = (
			);
			dependencies = (
			);
			name = EnglishHour;
			productName = EnglishHour;
			productReference = 40454A5D1A8E515900D0AD97 /* EnglishHour.app */;
			productType = "com.apple.product-type.application";
		};
		40454A751A8E515900D0AD97 /* EnglishHourTests */ = {
			isa = PBXNativeTarget;
			buildConfigurationList = 40454A831A8E515900D0AD97 /* Build configuration list for PBXNativeTarget "EnglishHourTests" */;
			buildPhases = (
				40454A721A8E515900D0AD97 /* Sources */,
				40454A731A8E515900D0AD97 /* Frameworks */,
				40454A741A8E515900D0AD97 /* Resources */,
			);
			buildRules = (
			);
			dependencies = (
				40454A781A8E515900D0AD97 /* PBXTargetDependency */,
			);
			name = EnglishHourTests;
			productName = EnglishHourTests;
			productReference = 40454A761A8E515900D0AD97 /* EnglishHourTests.xctest */;
			productType = "com.apple.product-type.bundle.unit-test";
		};
/* End PBXNativeTarget section */

/* Begin PBXProject section */
		40454A551A8E515900D0AD97 /* Project object */ = {
			isa = PBXProject;
			attributes = {
				LastUpgradeCheck = 0610;
				ORGANIZATIONNAME = "Cristian Madrid";
				TargetAttributes = {
					40454A5C1A8E515900D0AD97 = {
						CreatedOnToolsVersion = 6.1.1;
					};
					40454A751A8E515900D0AD97 = {
						CreatedOnToolsVersion = 6.1.1;
						TestTargetID = 40454A5C1A8E515900D0AD97;
					};
				};
			};
			buildConfigurationList = 40454A581A8E515900D0AD97 /* Build configuration list for PBXProject "EnglishHour" */;
			compatibilityVersion = "Xcode 3.2";
			developmentRegion = English;
			hasScannedForEncodings = 0;
			knownRegions = (
				en,
				Base,
			);
			mainGroup = 40454A541A8E515900D0AD97;
			productRefGroup = 40454A5E1A8E515900D0AD97 /* Products */;
			projectDirPath = "";
			projectRoot = "";
			targets = (
				40454A5C1A8E515900D0AD97 /* EnglishHour */,
				40454A751A8E515900D0AD97 /* EnglishHourTests */,
			);
		};
/* End PBXProject section */

/* Begin PBXResourcesBuildPhase section */
		40454A5B1A8E515900D0AD97 /* Resources */ = {
			isa = PBXResourcesBuildPhase;
			buildActionMask = 2147483647;
			files = (
				40454A911A8E55D500D0AD97 /* add-member-on.png in Resources */,
				40454A6C1A8E515900D0AD97 /* Main.storyboard in Resources */,
				40454A931A8E55D500D0AD97 /* groups-on.png in Resources */,
				40454A711A8E515900D0AD97 /* LaunchScreen.xib in Resources */,
				40454A981A8E55D500D0AD97 /* ranking.png in Resources */,
				40454A961A8E55D500D0AD97 /* profile.png in Resources */,
				40454A971A8E55D500D0AD97 /* ranking-on.png in Resources */,
				40454A951A8E55D500D0AD97 /* profile-on.png in Resources */,
				40454A6E1A8E515900D0AD97 /* Images.xcassets in Resources */,
				40454A9A1A8E55D500D0AD97 /* warning.png in Resources */,
				40454A991A8E55D500D0AD97 /* warning-on.png in Resources */,
				40454A941A8E55D500D0AD97 /* groups.png in Resources */,
				40454A921A8E55D500D0AD97 /* add-member.png in Resources */,
			);
			runOnlyForDeploymentPostprocessing = 0;
		};
		40454A741A8E515900D0AD97 /* Resources */ = {
			isa = PBXResourcesBuildPhase;
			buildActionMask = 2147483647;
			files = (
			);
			runOnlyForDeploymentPostprocessing = 0;
		};
/* End PBXResourcesBuildPhase section */

/* Begin PBXSourcesBuildPhase section */
		40454A591A8E515900D0AD97 /* Sources */ = {
			isa = PBXSourcesBuildPhase;
			buildActionMask = 2147483647;
			files = (
				DB12C5681A904B2E00D51F22 /* EHGroupDetailsViewController.m in Sources */,
				40C096741A8E82EF00A88F27 /* EHProfileUIViewController.m in Sources */,
				DB12C56B1A904C5B00D51F22 /* EHGroupTableViewController.m in Sources */,
				DB12C5771A9053AA00D51F22 /* EHRankingDetailViewController.m in Sources */,
				40454A661A8E515900D0AD97 /* AppDelegate.m in Sources */,
				DB12C56E1A904F6300D51F22 /* EHGroupNewViewController.m in Sources */,
				40454A631A8E515900D0AD97 /* main.m in Sources */,
				DB12C5711A90518600D51F22 /* EHRankingTableViewController.m in Sources */,
			);
			runOnlyForDeploymentPostprocessing = 0;
		};
		40454A721A8E515900D0AD97 /* Sources */ = {
			isa = PBXSourcesBuildPhase;
			buildActionMask = 2147483647;
			files = (
				40454A7D1A8E515900D0AD97 /* EnglishHourTests.m in Sources */,
			);
			runOnlyForDeploymentPostprocessing = 0;
		};
/* End PBXSourcesBuildPhase section */

/* Begin PBXTargetDependency section */
		40454A781A8E515900D0AD97 /* PBXTargetDependency */ = {
			isa = PBXTargetDependency;
			target = 40454A5C1A8E515900D0AD97 /* EnglishHour */;
			targetProxy = 40454A771A8E515900D0AD97 /* PBXContainerItemProxy */;
		};
/* End PBXTargetDependency section */

/* Begin PBXVariantGroup section */
		40454A6A1A8E515900D0AD97 /* Main.storyboard */ = {
			isa = PBXVariantGroup;
			children = (
				40454A6B1A8E515900D0AD97 /* Base */,
			);
			name = Main.storyboard;
			sourceTree = "<group>";
		};
		40454A6F1A8E515900D0AD97 /* LaunchScreen.xib */ = {
			isa = PBXVariantGroup;
			children = (
				40454A701A8E515900D0AD97 /* Base */,
			);
			name = LaunchScreen.xib;
			sourceTree = "<group>";
		};
/* End PBXVariantGroup section */

/* Begin XCBuildConfiguration section */
		40454A7E1A8E515900D0AD97 /* Debug */ = {
			isa = XCBuildConfiguration;
			buildSettings = {
				ALWAYS_SEARCH_USER_PATHS = NO;
				CLANG_CXX_LANGUAGE_STANDARD = "gnu++0x";
				CLANG_CXX_LIBRARY = "libc++";
				CLANG_ENABLE_MODULES = YES;
				CLANG_ENABLE_OBJC_ARC = YES;
				CLANG_WARN_BOOL_CONVERSION = YES;
				CLANG_WARN_CONSTANT_CONVERSION = YES;
				CLANG_WARN_DIRECT_OBJC_ISA_USAGE = YES_ERROR;
				CLANG_WARN_EMPTY_BODY = YES;
				CLANG_WARN_ENUM_CONVERSION = YES;
				CLANG_WARN_INT_CONVERSION = YES;
				CLANG_WARN_OBJC_ROOT_CLASS = YES_ERROR;
				CLANG_WARN_UNREACHABLE_CODE = YES;
				CLANG_WARN__DUPLICATE_METHOD_MATCH = YES;
				"CODE_SIGN_IDENTITY[sdk=iphoneos*]" = "iPhone Developer";
				COPY_PHASE_STRIP = NO;
				ENABLE_STRICT_OBJC_MSGSEND = YES;
				GCC_C_LANGUAGE_STANDARD = gnu99;
				GCC_DYNAMIC_NO_PIC = NO;
				GCC_OPTIMIZATION_LEVEL = 0;
				GCC_PREPROCESSOR_DEFINITIONS = (
					"DEBUG=1",
					"$(inherited)",
				);
				GCC_SYMBOLS_PRIVATE_EXTERN = NO;
				GCC_WARN_64_TO_32_BIT_CONVERSION = YES;
				GCC_WARN_ABOUT_RETURN_TYPE = YES_ERROR;
				GCC_WARN_UNDECLARED_SELECTOR = YES;
				GCC_WARN_UNINITIALIZED_AUTOS = YES_AGGRESSIVE;
				GCC_WARN_UNUSED_FUNCTION = YES;
				GCC_WARN_UNUSED_VARIABLE = YES;
				IPHONEOS_DEPLOYMENT_TARGET = 8.1;
				MTL_ENABLE_DEBUG_INFO = YES;
				ONLY_ACTIVE_ARCH = YES;
				SDKROOT = iphoneos;
				TARGETED_DEVICE_FAMILY = "1,2";
			};
			name = Debug;
		};
		40454A7F1A8E515900D0AD97 /* Release */ = {
			isa = XCBuildConfiguration;
			buildSettings = {
				ALWAYS_SEARCH_USER_PATHS = NO;
				CLANG_CXX_LANGUAGE_STANDARD = "gnu++0x";
				CLANG_CXX_LIBRARY = "libc++";
				CLANG_ENABLE_MODULES = YES;
				CLANG_ENABLE_OBJC_ARC = YES;
				CLANG_WARN_BOOL_CONVERSION = YES;
				CLANG_WARN_CONSTANT_CONVERSION = YES;
				CLANG_WARN_DIRECT_OBJC_ISA_USAGE = YES_ERROR;
				CLANG_WARN_EMPTY_BODY = YES;
				CLANG_WARN_ENUM_CONVERSION = YES;
				CLANG_WARN_INT_CONVERSION = YES;
				CLANG_WARN_OBJC_ROOT_CLASS = YES_ERROR;
				CLANG_WARN_UNREACHABLE_CODE = YES;
				CLANG_WARN__DUPLICATE_METHOD_MATCH = YES;
				"CODE_SIGN_IDENTITY[sdk=iphoneos*]" = "iPhone Developer";
				COPY_PHASE_STRIP = YES;
				ENABLE_NS_ASSERTIONS = NO;
				ENABLE_STRICT_OBJC_MSGSEND = YES;
				GCC_C_LANGUAGE_STANDARD = gnu99;
				GCC_WARN_64_TO_32_BIT_CONVERSION = YES;
				GCC_WARN_ABOUT_RETURN_TYPE = YES_ERROR;
				GCC_WARN_UNDECLARED_SELECTOR = YES;
				GCC_WARN_UNINITIALIZED_AUTOS = YES_AGGRESSIVE;
				GCC_WARN_UNUSED_FUNCTION = YES;
				GCC_WARN_UNUSED_VARIABLE = YES;
				IPHONEOS_DEPLOYMENT_TARGET = 8.1;
				MTL_ENABLE_DEBUG_INFO = NO;
				SDKROOT = iphoneos;
				TARGETED_DEVICE_FAMILY = "1,2";
				VALIDATE_PRODUCT = YES;
			};
			name = Release;
		};
		40454A811A8E515900D0AD97 /* Debug */ = {
			isa = XCBuildConfiguration;
			buildSettings = {
				ASSETCATALOG_COMPILER_APPICON_NAME = AppIcon;
				INFOPLIST_FILE = EnglishHour/Info.plist;
				IPHONEOS_DEPLOYMENT_TARGET = 7.1;
				LD_RUNPATH_SEARCH_PATHS = "$(inherited) @executable_path/Frameworks";
				PRODUCT_NAME = "$(TARGET_NAME)";
			};
			name = Debug;
		};
		40454A821A8E515900D0AD97 /* Release */ = {
			isa = XCBuildConfiguration;
			buildSettings = {
				ASSETCATALOG_COMPILER_APPICON_NAME = AppIcon;
				INFOPLIST_FILE = EnglishHour/Info.plist;
				IPHONEOS_DEPLOYMENT_TARGET = 7.1;
				LD_RUNPATH_SEARCH_PATHS = "$(inherited) @executable_path/Frameworks";
				PRODUCT_NAME = "$(TARGET_NAME)";
			};
			name = Release;
		};
		40454A841A8E515900D0AD97 /* Debug */ = {
			isa = XCBuildConfiguration;
			buildSettings = {
				BUNDLE_LOADER = "$(TEST_HOST)";
				FRAMEWORK_SEARCH_PATHS = (
					"$(SDKROOT)/Developer/Library/Frameworks",
					"$(inherited)",
				);
				GCC_PREPROCESSOR_DEFINITIONS = (
					"DEBUG=1",
					"$(inherited)",
				);
				INFOPLIST_FILE = EnglishHourTests/Info.plist;
				LD_RUNPATH_SEARCH_PATHS = "$(inherited) @executable_path/Frameworks @loader_path/Frameworks";
				PRODUCT_NAME = "$(TARGET_NAME)";
				TEST_HOST = "$(BUILT_PRODUCTS_DIR)/EnglishHour.app/EnglishHour";
			};
			name = Debug;
		};
		40454A851A8E515900D0AD97 /* Release */ = {
			isa = XCBuildConfiguration;
			buildSettings = {
				BUNDLE_LOADER = "$(TEST_HOST)";
				FRAMEWORK_SEARCH_PATHS = (
					"$(SDKROOT)/Developer/Library/Frameworks",
					"$(inherited)",
				);
				INFOPLIST_FILE = EnglishHourTests/Info.plist;
				LD_RUNPATH_SEARCH_PATHS = "$(inherited) @executable_path/Frameworks @loader_path/Frameworks";
				PRODUCT_NAME = "$(TARGET_NAME)";
				TEST_HOST = "$(BUILT_PRODUCTS_DIR)/EnglishHour.app/EnglishHour";
			};
			name = Release;
		};
/* End XCBuildConfiguration section */

/* Begin XCConfigurationList section */
		40454A581A8E515900D0AD97 /* Build configuration list for PBXProject "EnglishHour" */ = {
			isa = XCConfigurationList;
			buildConfigurations = (
				40454A7E1A8E515900D0AD97 /* Debug */,
				40454A7F1A8E515900D0AD97 /* Release */,
			);
			defaultConfigurationIsVisible = 0;
			defaultConfigurationName = Release;
		};
		40454A801A8E515900D0AD97 /* Build configuration list for PBXNativeTarget "EnglishHour" */ = {
			isa = XCConfigurationList;
			buildConfigurations = (
				40454A811A8E515900D0AD97 /* Debug */,
				40454A821A8E515900D0AD97 /* Release */,
			);
			defaultConfigurationIsVisible = 0;
			defaultConfigurationName = Release;
		};
		40454A831A8E515900D0AD97 /* Build configuration list for PBXNativeTarget "EnglishHourTests" */ = {
			isa = XCConfigurationList;
			buildConfigurations = (
				40454A841A8E515900D0AD97 /* Debug */,
				40454A851A8E515900D0AD97 /* Release */,
			);
			defaultConfigurationIsVisible = 0;
			defaultConfigurationName = Release;
		};
/* End XCConfigurationList section */
	};
	rootObject = 40454A551A8E515900D0AD97 /* Project object */;
}
